
Microsoft Visual Studio Solution File, Format Version 12.00
# Visual Studio Version 17
VisualStudioVersion = 17.14.36705.20 d17.14
MinimumVisualStudioVersion = 10.0.40219.1
Project("{FAE04EC0-301F-11D3-BF4B-00C04F79EFBC}") = "Making Classes", "Making Classes\Making Classes.csproj", "{EBABDEF4-20CA-4EF2-96E2-ECB0D2483E2D}"
EndProject
Global
	GlobalSection(SolutionConfigurationPlatforms) = preSolution
		Debug|Any CPU = Debug|Any CPU
		Release|Any CPU = Release|Any CPU
	EndGlobalSection
	GlobalSection(ProjectConfigurationPlatforms) = postSolution
		{EBABDEF4-20CA-4EF2-96E2-ECB0D2483E2D}.Debug|Any CPU.ActiveCfg = Debug|Any CPU
		{EBABDEF4-20CA-4EF2-96E2-ECB0D2483E2D}.Debug|Any CPU.Build.0 = Debug|Any CPU
		{EBABDEF4-20CA-4EF2-96E2-ECB0D2483E2D}.Release|Any CPU.ActiveCfg = Release|Any CPU
		{EBABDEF4-20CA-4EF2-96E2-ECB0D2483E2D}.Release|Any CPU.Build.0 = Release|Any CPU
	EndGlobalSection
	GlobalSection(SolutionProperties) = preSolution
		HideSolutionNode = FALSE
	EndGlobalSection
	GlobalSection(ExtensibilityGlobals) = postSolution
		SolutionGuid = {A807F9DC-019A-40C1-AAC4-F8BD8F046B91}
	EndGlobalSection
EndGlobal
